
Microsoft Visual Studio Solution File, Format Version 12.00
# Visual Studio Version 17
VisualStudioVersion = 17.1.32210.238
MinimumVisualStudioVersion = 10.0.40219.1
Project("{778DAE3C-4631-46EA-AA77-85C1314464D9}") = "MagnumOpusOfSPLORR", "MagnumOpusOfSPLORR\MagnumOpusOfSPLORR.vbproj", "{F3032E1A-DF60-4E94-ABBA-34BBB396A3F6}"
EndProject
Project("{2150E333-8FDC-42A3-9474-1A3956D46DE8}") = "Stuff", "Stuff", "{D51687D3-4443-4596-BF6E-B80B6C244D7D}"
	ProjectSection(SolutionItems) = preProject
		..\butler.sh = ..\butler.sh
		..\README.md = ..\README.md
	EndProjectSection
EndProject
Project("{778DAE3C-4631-46EA-AA77-85C1314464D9}") = "MOOS.Game", "MOOS.Game\MOOS.Game.vbproj", "{47550F75-A6DD-438C-BB88-465268DC556B}"
EndProject
Project("{778DAE3C-4631-46EA-AA77-85C1314464D9}") = "MOOS.Data", "MOOS.Data\MOOS.Data.vbproj", "{00FAAD79-E7F4-47B0-A944-E5E934D701DF}"
EndProject
Global
	GlobalSection(SolutionConfigurationPlatforms) = preSolution
		Debug|Any CPU = Debug|Any CPU
		Release|Any CPU = Release|Any CPU
	EndGlobalSection
	GlobalSection(ProjectConfigurationPlatforms) = postSolution
		{F3032E1A-DF60-4E94-ABBA-34BBB396A3F6}.Debug|Any CPU.ActiveCfg = Debug|Any CPU
		{F3032E1A-DF60-4E94-ABBA-34BBB396A3F6}.Debug|Any CPU.Build.0 = Debug|Any CPU
		{F3032E1A-DF60-4E94-ABBA-34BBB396A3F6}.Release|Any CPU.ActiveCfg = Release|Any CPU
		{F3032E1A-DF60-4E94-ABBA-34BBB396A3F6}.Release|Any CPU.Build.0 = Release|Any CPU
		{47550F75-A6DD-438C-BB88-465268DC556B}.Debug|Any CPU.ActiveCfg = Debug|Any CPU
		{47550F75-A6DD-438C-BB88-465268DC556B}.Debug|Any CPU.Build.0 = Debug|Any CPU
		{47550F75-A6DD-438C-BB88-465268DC556B}.Release|Any CPU.ActiveCfg = Release|Any CPU
		{47550F75-A6DD-438C-BB88-465268DC556B}.Release|Any CPU.Build.0 = Release|Any CPU
		{00FAAD79-E7F4-47B0-A944-E5E934D701DF}.Debug|Any CPU.ActiveCfg = Debug|Any CPU
		{00FAAD79-E7F4-47B0-A944-E5E934D701DF}.Debug|Any CPU.Build.0 = Debug|Any CPU
		{00FAAD79-E7F4-47B0-A944-E5E934D701DF}.Release|Any CPU.ActiveCfg = Release|Any CPU
		{00FAAD79-E7F4-47B0-A944-E5E934D701DF}.Release|Any CPU.Build.0 = Release|Any CPU
	EndGlobalSection
	GlobalSection(SolutionProperties) = preSolution
		HideSolutionNode = FALSE
	EndGlobalSection
	GlobalSection(ExtensibilityGlobals) = postSolution
		SolutionGuid = {08F956EE-7F72-4E9C-9E0A-67B7B4E2A7AC}
	EndGlobalSection
EndGlobal
